
Microsoft Visual Studio Solution File, Format Version 12.00
# Visual Studio Version 17
VisualStudioVersion = 17.7.34031.279
MinimumVisualStudioVersion = 10.0.40219.1
Project("{FAE04EC0-301F-11D3-BF4B-00C04F79EFBC}") = "Work_1 home", "Work_1 home\Work_1 home.csproj", "{B49EC903-2BF1-4AB5-916F-CCC57451DEB4}"
EndProject
Global
	GlobalSection(SolutionConfigurationPlatforms) = preSolution
		Debug|Any CPU = Debug|Any CPU
		Release|Any CPU = Release|Any CPU
	EndGlobalSection
	GlobalSection(ProjectConfigurationPlatforms) = postSolution
		{B49EC903-2BF1-4AB5-916F-CCC57451DEB4}.Debug|Any CPU.ActiveCfg = Debug|Any CPU
		{B49EC903-2BF1-4AB5-916F-CCC57451DEB4}.Debug|Any CPU.Build.0 = Debug|Any CPU
		{B49EC903-2BF1-4AB5-916F-CCC57451DEB4}.Release|Any CPU.ActiveCfg = Release|Any CPU
		{B49EC903-2BF1-4AB5-916F-CCC57451DEB4}.Release|Any CPU.Build.0 = Release|Any CPU
	EndGlobalSection
	GlobalSection(SolutionProperties) = preSolution
		HideSolutionNode = FALSE
	EndGlobalSection
	GlobalSection(ExtensibilityGlobals) = postSolution
		SolutionGuid = {A78FEAC0-0724-4134-906A-A648A211B9A8}
	EndGlobalSection
EndGlobal
